<Solution>
  <Folder Name="/docs/">
    <File Path="mvp-dashboard-direction.md" />
  </Folder>
  <Folder Name="/infrastructure/" />
  <Folder Name="/src/">
    <Project Path="src/ProofWorks.ArtistOps.Api/ProofWorks.ArtistOps.Api.csproj" />
  </Folder>
  <Folder Name="/tests/">
    <Project Path="tests/ProofWorks.ArtistOps.Api.Tests/ProofWorks.ArtistOps.Api.Tests.csproj" />
  </Folder>
</Solution>
